
Microsoft Visual Studio Solution File, Format Version 12.00
# Visual Studio Version 17
VisualStudioVersion = 17.2.32526.322
MinimumVisualStudioVersion = 10.0.40219.1
Project("{9A19103F-16F7-4668-BE54-9A1E7A4F7556}") = "Core.Creditos", "Core.Creditos\Core.Creditos.csproj", "{CAFC1319-F42C-425D-BD79-FA168B104DD4}"
EndProject
Project("{9A19103F-16F7-4668-BE54-9A1E7A4F7556}") = "Core.CreditosBusinessLogic", "Core.CreditosBusinessLogic\Core.CreditosBusinessLogic.csproj", "{4825C5AD-D5E8-4A0C-8721-F88C76D51A5B}"
EndProject
Project("{9A19103F-16F7-4668-BE54-9A1E7A4F7556}") = "Core.Creditos.DataAccess", "Core.Creditos.DataAccess\Core.Creditos.DataAccess.csproj", "{53B33BD3-D960-4A17-863E-694F9A9A612C}"
EndProject
Project("{9A19103F-16F7-4668-BE54-9A1E7A4F7556}") = "Core.Creditos.Model", "Core.Creditos.Model\Core.Creditos.Model.csproj", "{73D89710-9C7D-495E-94CD-7D5C9D90F4BF}"
EndProject
Project("{9A19103F-16F7-4668-BE54-9A1E7A4F7556}") = "Core.Creditos.Test", "Core.Creditos.Test\Core.Creditos.Test.csproj", "{B88A3390-5DE2-477D-A79A-0F058E8A306D}"
EndProject
Project("{9A19103F-16F7-4668-BE54-9A1E7A4F7556}") = "Core.Creditos.Helpers", "Core.Creditos.Helpers\Core.Creditos.Helpers.csproj", "{8DB23FE7-91F5-4316-BC93-9C4D77093213}"
EndProject
Project("{9A19103F-16F7-4668-BE54-9A1E7A4F7556}") = "Core.Creditos.Adapters", "Core.Creditos.Adapters\Core.Creditos.Adapters.csproj", "{68B8AB97-F2F4-4BCE-A468-A63419365DB0}"
EndProject
Global
	GlobalSection(SolutionConfigurationPlatforms) = preSolution
		Debug|Any CPU = Debug|Any CPU
		Debug|x64 = Debug|x64
		Release|Any CPU = Release|Any CPU
		Release|x64 = Release|x64
	EndGlobalSection
	GlobalSection(ProjectConfigurationPlatforms) = postSolution
		{CAFC1319-F42C-425D-BD79-FA168B104DD4}.Debug|Any CPU.ActiveCfg = Debug|Any CPU
		{CAFC1319-F42C-425D-BD79-FA168B104DD4}.Debug|Any CPU.Build.0 = Debug|Any CPU
		{CAFC1319-F42C-425D-BD79-FA168B104DD4}.Debug|x64.ActiveCfg = Debug|x64
		{CAFC1319-F42C-425D-BD79-FA168B104DD4}.Debug|x64.Build.0 = Debug|x64
		{CAFC1319-F42C-425D-BD79-FA168B104DD4}.Release|Any CPU.ActiveCfg = Release|Any CPU
		{CAFC1319-F42C-425D-BD79-FA168B104DD4}.Release|Any CPU.Build.0 = Release|Any CPU
		{CAFC1319-F42C-425D-BD79-FA168B104DD4}.Release|x64.ActiveCfg = Release|x64
		{CAFC1319-F42C-425D-BD79-FA168B104DD4}.Release|x64.Build.0 = Release|x64
		{4825C5AD-D5E8-4A0C-8721-F88C76D51A5B}.Debug|Any CPU.ActiveCfg = Debug|Any CPU
		{4825C5AD-D5E8-4A0C-8721-F88C76D51A5B}.Debug|Any CPU.Build.0 = Debug|Any CPU
		{4825C5AD-D5E8-4A0C-8721-F88C76D51A5B}.Debug|x64.ActiveCfg = Debug|x64
		{4825C5AD-D5E8-4A0C-8721-F88C76D51A5B}.Debug|x64.Build.0 = Debug|x64
		{4825C5AD-D5E8-4A0C-8721-F88C76D51A5B}.Release|Any CPU.ActiveCfg = Release|Any CPU
		{4825C5AD-D5E8-4A0C-8721-F88C76D51A5B}.Release|Any CPU.Build.0 = Release|Any CPU
		{4825C5AD-D5E8-4A0C-8721-F88C76D51A5B}.Release|x64.ActiveCfg = Release|x64
		{4825C5AD-D5E8-4A0C-8721-F88C76D51A5B}.Release|x64.Build.0 = Release|x64
		{53B33BD3-D960-4A17-863E-694F9A9A612C}.Debug|Any CPU.ActiveCfg = Debug|Any CPU
		{53B33BD3-D960-4A17-863E-694F9A9A612C}.Debug|Any CPU.Build.0 = Debug|Any CPU
		{53B33BD3-D960-4A17-863E-694F9A9A612C}.Debug|x64.ActiveCfg = Debug|x64
		{53B33BD3-D960-4A17-863E-694F9A9A612C}.Debug|x64.Build.0 = Debug|x64
		{53B33BD3-D960-4A17-863E-694F9A9A612C}.Release|Any CPU.ActiveCfg = Release|Any CPU
		{53B33BD3-D960-4A17-863E-694F9A9A612C}.Release|Any CPU.Build.0 = Release|Any CPU
		{53B33BD3-D960-4A17-863E-694F9A9A612C}.Release|x64.ActiveCfg = Release|x64
		{53B33BD3-D960-4A17-863E-694F9A9A612C}.Release|x64.Build.0 = Release|x64
		{73D89710-9C7D-495E-94CD-7D5C9D90F4BF}.Debug|Any CPU.ActiveCfg = Debug|Any CPU
		{73D89710-9C7D-495E-94CD-7D5C9D90F4BF}.Debug|Any CPU.Build.0 = Debug|Any CPU
		{73D89710-9C7D-495E-94CD-7D5C9D90F4BF}.Debug|x64.ActiveCfg = Debug|x64
		{73D89710-9C7D-495E-94CD-7D5C9D90F4BF}.Debug|x64.Build.0 = Debug|x64
		{73D89710-9C7D-495E-94CD-7D5C9D90F4BF}.Release|Any CPU.ActiveCfg = Release|Any CPU
		{73D89710-9C7D-495E-94CD-7D5C9D90F4BF}.Release|Any CPU.Build.0 = Release|Any CPU
		{73D89710-9C7D-495E-94CD-7D5C9D90F4BF}.Release|x64.ActiveCfg = Release|x64
		{73D89710-9C7D-495E-94CD-7D5C9D90F4BF}.Release|x64.Build.0 = Release|x64
		{B88A3390-5DE2-477D-A79A-0F058E8A306D}.Debug|Any CPU.ActiveCfg = Debug|Any CPU
		{B88A3390-5DE2-477D-A79A-0F058E8A306D}.Debug|Any CPU.Build.0 = Debug|Any CPU
		{B88A3390-5DE2-477D-A79A-0F058E8A306D}.Debug|x64.ActiveCfg = Debug|x64
		{B88A3390-5DE2-477D-A79A-0F058E8A306D}.Debug|x64.Build.0 = Debug|x64
		{B88A3390-5DE2-477D-A79A-0F058E8A306D}.Release|Any CPU.ActiveCfg = Release|Any CPU
		{B88A3390-5DE2-477D-A79A-0F058E8A306D}.Release|Any CPU.Build.0 = Release|Any CPU
		{B88A3390-5DE2-477D-A79A-0F058E8A306D}.Release|x64.ActiveCfg = Release|x64
		{B88A3390-5DE2-477D-A79A-0F058E8A306D}.Release|x64.Build.0 = Release|x64
		{8DB23FE7-91F5-4316-BC93-9C4D77093213}.Debug|Any CPU.ActiveCfg = Debug|Any CPU
		{8DB23FE7-91F5-4316-BC93-9C4D77093213}.Debug|Any CPU.Build.0 = Debug|Any CPU
		{8DB23FE7-91F5-4316-BC93-9C4D77093213}.Debug|x64.ActiveCfg = Debug|x64
		{8DB23FE7-91F5-4316-BC93-9C4D77093213}.Debug|x64.Build.0 = Debug|x64
		{8DB23FE7-91F5-4316-BC93-9C4D77093213}.Release|Any CPU.ActiveCfg = Release|Any CPU
		{8DB23FE7-91F5-4316-BC93-9C4D77093213}.Release|Any CPU.Build.0 = Release|Any CPU
		{8DB23FE7-91F5-4316-BC93-9C4D77093213}.Release|x64.ActiveCfg = Release|x64
		{8DB23FE7-91F5-4316-BC93-9C4D77093213}.Release|x64.Build.0 = Release|x64
		{68B8AB97-F2F4-4BCE-A468-A63419365DB0}.Debug|Any CPU.ActiveCfg = Debug|Any CPU
		{68B8AB97-F2F4-4BCE-A468-A63419365DB0}.Debug|Any CPU.Build.0 = Debug|Any CPU
		{68B8AB97-F2F4-4BCE-A468-A63419365DB0}.Debug|x64.ActiveCfg = Debug|Any CPU
		{68B8AB97-F2F4-4BCE-A468-A63419365DB0}.Debug|x64.Build.0 = Debug|Any CPU
		{68B8AB97-F2F4-4BCE-A468-A63419365DB0}.Release|Any CPU.ActiveCfg = Release|Any CPU
		{68B8AB97-F2F4-4BCE-A468-A63419365DB0}.Release|Any CPU.Build.0 = Release|Any CPU
		{68B8AB97-F2F4-4BCE-A468-A63419365DB0}.Release|x64.ActiveCfg = Release|Any CPU
		{68B8AB97-F2F4-4BCE-A468-A63419365DB0}.Release|x64.Build.0 = Release|Any CPU
	EndGlobalSection
	GlobalSection(SolutionProperties) = preSolution
		HideSolutionNode = FALSE
	EndGlobalSection
	GlobalSection(ExtensibilityGlobals) = postSolution
		SolutionGuid = {99469A9C-60E1-4693-822E-EC958F2C94EF}
	EndGlobalSection
EndGlobal
