
Microsoft Visual Studio Solution File, Format Version 12.00
# Visual Studio Version 17
VisualStudioVersion = 17.2.32526.322
MinimumVisualStudioVersion = 10.0.40219.1
Project("{FAE04EC0-301F-11D3-BF4B-00C04F79EFBC}") = "Core.Creditos", "Core.Creditos\Core.Creditos.csproj", "{CAFC1319-F42C-425D-BD79-FA168B104DD4}"
EndProject
Global
	GlobalSection(SolutionConfigurationPlatforms) = preSolution
		Debug|Any CPU = Debug|Any CPU
		Release|Any CPU = Release|Any CPU
	EndGlobalSection
	GlobalSection(ProjectConfigurationPlatforms) = postSolution
		{CAFC1319-F42C-425D-BD79-FA168B104DD4}.Debug|Any CPU.ActiveCfg = Debug|Any CPU
		{CAFC1319-F42C-425D-BD79-FA168B104DD4}.Debug|Any CPU.Build.0 = Debug|Any CPU
		{CAFC1319-F42C-425D-BD79-FA168B104DD4}.Release|Any CPU.ActiveCfg = Release|Any CPU
		{CAFC1319-F42C-425D-BD79-FA168B104DD4}.Release|Any CPU.Build.0 = Release|Any CPU
	EndGlobalSection
	GlobalSection(SolutionProperties) = preSolution
		HideSolutionNode = FALSE
	EndGlobalSection
	GlobalSection(ExtensibilityGlobals) = postSolution
		SolutionGuid = {99469A9C-60E1-4693-822E-EC958F2C94EF}
	EndGlobalSection
EndGlobal
